
Microsoft Visual Studio Solution File, Format Version 12.00
# Visual Studio Version 16
VisualStudioVersion = 16.0.29519.87
MinimumVisualStudioVersion = 10.0.40219.1
Project("{FAE04EC0-301F-11D3-BF4B-00C04F79EFBC}") = "Abc.MvcWebUI", "Abc.MvcWebUI.csproj", "{B844081D-86D5-4965-BEB4-5FDECE3921F9}"
EndProject
Global
	GlobalSection(SolutionConfigurationPlatforms) = preSolution
		Debug|Any CPU = Debug|Any CPU
		Release|Any CPU = Release|Any CPU
	EndGlobalSection
	GlobalSection(ProjectConfigurationPlatforms) = postSolution
		{B844081D-86D5-4965-BEB4-5FDECE3921F9}.Debug|Any CPU.ActiveCfg = Debug|Any CPU
		{B844081D-86D5-4965-BEB4-5FDECE3921F9}.Debug|Any CPU.Build.0 = Debug|Any CPU
		{B844081D-86D5-4965-BEB4-5FDECE3921F9}.Release|Any CPU.ActiveCfg = Release|Any CPU
		{B844081D-86D5-4965-BEB4-5FDECE3921F9}.Release|Any CPU.Build.0 = Release|Any CPU
	EndGlobalSection
	GlobalSection(SolutionProperties) = preSolution
		HideSolutionNode = FALSE
	EndGlobalSection
	GlobalSection(ExtensibilityGlobals) = postSolution
		SolutionGuid = {8FFDA43F-722E-4CF9-80BC-82D18C22AD80}
	EndGlobalSection
EndGlobal
